
Microsoft Visual Studio Solution File, Format Version 12.00
# Visual Studio Version 17
VisualStudioVersion = 17.10.35122.118
MinimumVisualStudioVersion = 10.0.40219.1
Project("{FAE04EC0-301F-11D3-BF4B-00C04F79EFBC}") = "KeyHouse", "KeyHouse.csproj", "{55BA1E18-6F10-45CE-A9F4-300274FC266C}"
EndProject
Global
	GlobalSection(SolutionConfigurationPlatforms) = preSolution
		Debug|Any CPU = Debug|Any CPU
		Release|Any CPU = Release|Any CPU
	EndGlobalSection
	GlobalSection(ProjectConfigurationPlatforms) = postSolution
		{55BA1E18-6F10-45CE-A9F4-300274FC266C}.Debug|Any CPU.ActiveCfg = Debug|Any CPU
		{55BA1E18-6F10-45CE-A9F4-300274FC266C}.Debug|Any CPU.Build.0 = Debug|Any CPU
		{55BA1E18-6F10-45CE-A9F4-300274FC266C}.Release|Any CPU.ActiveCfg = Release|Any CPU
		{55BA1E18-6F10-45CE-A9F4-300274FC266C}.Release|Any CPU.Build.0 = Release|Any CPU
	EndGlobalSection
	GlobalSection(SolutionProperties) = preSolution
		HideSolutionNode = FALSE
	EndGlobalSection
	GlobalSection(ExtensibilityGlobals) = postSolution
		SolutionGuid = {C495F3B5-FB21-44E0-BB34-1528A3096C0C}
	EndGlobalSection
EndGlobal
